
Microsoft Visual Studio Solution File, Format Version 12.00
# Visual Studio Version 17
VisualStudioVersion = 17.8.34112.27
MinimumVisualStudioVersion = 10.0.40219.1
Project("{FAE04EC0-301F-11D3-BF4B-00C04F79EFBC}") = "lab1_2", "lab1_2\lab1_2.csproj", "{F82095AF-583F-45B9-A5CB-AE49D29D8A74}"
EndProject
Global
	GlobalSection(SolutionConfigurationPlatforms) = preSolution
		Debug|Any CPU = Debug|Any CPU
		Release|Any CPU = Release|Any CPU
	EndGlobalSection
	GlobalSection(ProjectConfigurationPlatforms) = postSolution
		{F82095AF-583F-45B9-A5CB-AE49D29D8A74}.Debug|Any CPU.ActiveCfg = Debug|Any CPU
		{F82095AF-583F-45B9-A5CB-AE49D29D8A74}.Debug|Any CPU.Build.0 = Debug|Any CPU
		{F82095AF-583F-45B9-A5CB-AE49D29D8A74}.Release|Any CPU.ActiveCfg = Release|Any CPU
		{F82095AF-583F-45B9-A5CB-AE49D29D8A74}.Release|Any CPU.Build.0 = Release|Any CPU
	EndGlobalSection
	GlobalSection(SolutionProperties) = preSolution
		HideSolutionNode = FALSE
	EndGlobalSection
	GlobalSection(ExtensibilityGlobals) = postSolution
		SolutionGuid = {1869256C-7427-4574-917F-9AF9960BE202}
	EndGlobalSection
EndGlobal
