
Microsoft Visual Studio Solution File, Format Version 12.00
# Visual Studio Version 17
VisualStudioVersion = 17.8.34112.27
MinimumVisualStudioVersion = 10.0.40219.1
Project("{FAE04EC0-301F-11D3-BF4B-00C04F79EFBC}") = "lab8", "lab8\lab8.csproj", "{E3B68C00-ED38-4F8C-8667-307A1AA78241}"
EndProject
Global
	GlobalSection(SolutionConfigurationPlatforms) = preSolution
		Debug|Any CPU = Debug|Any CPU
		Release|Any CPU = Release|Any CPU
	EndGlobalSection
	GlobalSection(ProjectConfigurationPlatforms) = postSolution
		{E3B68C00-ED38-4F8C-8667-307A1AA78241}.Debug|Any CPU.ActiveCfg = Debug|Any CPU
		{E3B68C00-ED38-4F8C-8667-307A1AA78241}.Debug|Any CPU.Build.0 = Debug|Any CPU
		{E3B68C00-ED38-4F8C-8667-307A1AA78241}.Release|Any CPU.ActiveCfg = Release|Any CPU
		{E3B68C00-ED38-4F8C-8667-307A1AA78241}.Release|Any CPU.Build.0 = Release|Any CPU
	EndGlobalSection
	GlobalSection(SolutionProperties) = preSolution
		HideSolutionNode = FALSE
	EndGlobalSection
	GlobalSection(ExtensibilityGlobals) = postSolution
		SolutionGuid = {D5A25CC5-B4C4-4396-8BBD-08DBCC07CEB5}
	EndGlobalSection
EndGlobal
