
Microsoft Visual Studio Solution File, Format Version 12.00
# Visual Studio Version 17
VisualStudioVersion = 17.8.34112.27
MinimumVisualStudioVersion = 10.0.40219.1
Project("{FAE04EC0-301F-11D3-BF4B-00C04F79EFBC}") = "lab2", "lab2\lab2.csproj", "{A968F69F-4D9B-4C5A-85B6-82B898EA79A4}"
EndProject
Global
	GlobalSection(SolutionConfigurationPlatforms) = preSolution
		Debug|Any CPU = Debug|Any CPU
		Release|Any CPU = Release|Any CPU
	EndGlobalSection
	GlobalSection(ProjectConfigurationPlatforms) = postSolution
		{A968F69F-4D9B-4C5A-85B6-82B898EA79A4}.Debug|Any CPU.ActiveCfg = Debug|Any CPU
		{A968F69F-4D9B-4C5A-85B6-82B898EA79A4}.Debug|Any CPU.Build.0 = Debug|Any CPU
		{A968F69F-4D9B-4C5A-85B6-82B898EA79A4}.Release|Any CPU.ActiveCfg = Release|Any CPU
		{A968F69F-4D9B-4C5A-85B6-82B898EA79A4}.Release|Any CPU.Build.0 = Release|Any CPU
	EndGlobalSection
	GlobalSection(SolutionProperties) = preSolution
		HideSolutionNode = FALSE
	EndGlobalSection
	GlobalSection(ExtensibilityGlobals) = postSolution
		SolutionGuid = {EB8CD63D-EA35-4F7E-A74F-8B3B1E0989FC}
	EndGlobalSection
EndGlobal
